
Microsoft Visual Studio Solution File, Format Version 12.00
# Visual Studio Version 16
VisualStudioVersion = 16.0.30804.86
MinimumVisualStudioVersion = 10.0.40219.1
Project("{FAE04EC0-301F-11D3-BF4B-00C04F79EFBC}") = "ECPResponseProcessor", "ECPResponseProcessor.csproj", "{EDD32B97-8686-4FE1-AF70-B0E7A52181E8}"
EndProject
Global
	GlobalSection(SolutionConfigurationPlatforms) = preSolution
		Debug|Any CPU = Debug|Any CPU
		Release|Any CPU = Release|Any CPU
	EndGlobalSection
	GlobalSection(ProjectConfigurationPlatforms) = postSolution
		{EDD32B97-8686-4FE1-AF70-B0E7A52181E8}.Debug|Any CPU.ActiveCfg = Debug|Any CPU
		{EDD32B97-8686-4FE1-AF70-B0E7A52181E8}.Debug|Any CPU.Build.0 = Debug|Any CPU
		{EDD32B97-8686-4FE1-AF70-B0E7A52181E8}.Release|Any CPU.ActiveCfg = Release|Any CPU
		{EDD32B97-8686-4FE1-AF70-B0E7A52181E8}.Release|Any CPU.Build.0 = Release|Any CPU
	EndGlobalSection
	GlobalSection(SolutionProperties) = preSolution
		HideSolutionNode = FALSE
	EndGlobalSection
	GlobalSection(ExtensibilityGlobals) = postSolution
		SolutionGuid = {9659A61A-4B0F-4C7F-9991-E1CFCA34B6D0}
	EndGlobalSection
EndGlobal
